
Microsoft Visual Studio Solution File, Format Version 12.00
# Visual Studio Version 17
VisualStudioVersion = 17.0.31903.59
MinimumVisualStudioVersion = 10.0.40219.1
Project("{2150E333-8FDC-42A3-9474-1A3956D46DE8}") = "src", "src", "{827E0CD3-B72D-47B6-A68D-7590B98EB39B}"
EndProject
Project("{FAE04EC0-301F-11D3-BF4B-00C04F79EFBC}") = "WodenRallyEdge.Core", "src\WodenRallyEdge.Core\WodenRallyEdge.Core.csproj", "{FD1CDB4A-425D-4157-AD88-A73986508671}"
EndProject
Project("{FAE04EC0-301F-11D3-BF4B-00C04F79EFBC}") = "WodenRallyEdge.Plugin", "src\WodenRallyEdge.Plugin\WodenRallyEdge.Plugin.csproj", "{A5672331-428E-43F4-8E65-C8A9BC2CD10F}"
EndProject
Project("{2150E333-8FDC-42A3-9474-1A3956D46DE8}") = "tests", "tests", "{0AB3BF05-4346-4AA6-1389-037BE0695223}"
EndProject
Project("{FAE04EC0-301F-11D3-BF4B-00C04F79EFBC}") = "WodenRallyEdge.Tests", "tests\WodenRallyEdge.Tests\WodenRallyEdge.Tests.csproj", "{937FB886-CC95-41C3-BAC1-25FEAFD932AD}"
EndProject
Project("{2150E333-8FDC-42A3-9474-1A3956D46DE8}") = "tools", "tools", "{07C2787E-EAC7-C090-1BA3-A61EC2A24D84}"
EndProject
Project("{FAE04EC0-301F-11D3-BF4B-00C04F79EFBC}") = "TelemetryInspector", "tools\TelemetryInspector\TelemetryInspector.csproj", "{F025AE72-3FB4-4D50-A49F-561BCC92F5A1}"
EndProject
Global
	GlobalSection(SolutionConfigurationPlatforms) = preSolution
		Debug|Any CPU = Debug|Any CPU
		Debug|x64 = Debug|x64
		Debug|x86 = Debug|x86
		Release|Any CPU = Release|Any CPU
		Release|x64 = Release|x64
		Release|x86 = Release|x86
	EndGlobalSection
	GlobalSection(ProjectConfigurationPlatforms) = postSolution
		{FD1CDB4A-425D-4157-AD88-A73986508671}.Debug|Any CPU.ActiveCfg = Debug|Any CPU
		{FD1CDB4A-425D-4157-AD88-A73986508671}.Debug|Any CPU.Build.0 = Debug|Any CPU
		{FD1CDB4A-425D-4157-AD88-A73986508671}.Debug|x64.ActiveCfg = Debug|Any CPU
		{FD1CDB4A-425D-4157-AD88-A73986508671}.Debug|x64.Build.0 = Debug|Any CPU
		{FD1CDB4A-425D-4157-AD88-A73986508671}.Debug|x86.ActiveCfg = Debug|Any CPU
		{FD1CDB4A-425D-4157-AD88-A73986508671}.Debug|x86.Build.0 = Debug|Any CPU
		{FD1CDB4A-425D-4157-AD88-A73986508671}.Release|Any CPU.ActiveCfg = Release|Any CPU
		{FD1CDB4A-425D-4157-AD88-A73986508671}.Release|Any CPU.Build.0 = Release|Any CPU
		{FD1CDB4A-425D-4157-AD88-A73986508671}.Release|x64.ActiveCfg = Release|Any CPU
		{FD1CDB4A-425D-4157-AD88-A73986508671}.Release|x64.Build.0 = Release|Any CPU
		{FD1CDB4A-425D-4157-AD88-A73986508671}.Release|x86.ActiveCfg = Release|Any CPU
		{FD1CDB4A-425D-4157-AD88-A73986508671}.Release|x86.Build.0 = Release|Any CPU
		{A5672331-428E-43F4-8E65-C8A9BC2CD10F}.Debug|Any CPU.ActiveCfg = Debug|Any CPU
		{A5672331-428E-43F4-8E65-C8A9BC2CD10F}.Debug|Any CPU.Build.0 = Debug|Any CPU
		{A5672331-428E-43F4-8E65-C8A9BC2CD10F}.Debug|x64.ActiveCfg = Debug|Any CPU
		{A5672331-428E-43F4-8E65-C8A9BC2CD10F}.Debug|x64.Build.0 = Debug|Any CPU
		{A5672331-428E-43F4-8E65-C8A9BC2CD10F}.Debug|x86.ActiveCfg = Debug|Any CPU
		{A5672331-428E-43F4-8E65-C8A9BC2CD10F}.Debug|x86.Build.0 = Debug|Any CPU
		{A5672331-428E-43F4-8E65-C8A9BC2CD10F}.Release|Any CPU.ActiveCfg = Release|Any CPU
		{A5672331-428E-43F4-8E65-C8A9BC2CD10F}.Release|Any CPU.Build.0 = Release|Any CPU
		{A5672331-428E-43F4-8E65-C8A9BC2CD10F}.Release|x64.ActiveCfg = Release|Any CPU
		{A5672331-428E-43F4-8E65-C8A9BC2CD10F}.Release|x64.Build.0 = Release|Any CPU
		{A5672331-428E-43F4-8E65-C8A9BC2CD10F}.Release|x86.ActiveCfg = Release|Any CPU
		{A5672331-428E-43F4-8E65-C8A9BC2CD10F}.Release|x86.Build.0 = Release|Any CPU
		{937FB886-CC95-41C3-BAC1-25FEAFD932AD}.Debug|Any CPU.ActiveCfg = Debug|Any CPU
		{937FB886-CC95-41C3-BAC1-25FEAFD932AD}.Debug|Any CPU.Build.0 = Debug|Any CPU
		{937FB886-CC95-41C3-BAC1-25FEAFD932AD}.Debug|x64.ActiveCfg = Debug|Any CPU
		{937FB886-CC95-41C3-BAC1-25FEAFD932AD}.Debug|x64.Build.0 = Debug|Any CPU
		{937FB886-CC95-41C3-BAC1-25FEAFD932AD}.Debug|x86.ActiveCfg = Debug|Any CPU
		{937FB886-CC95-41C3-BAC1-25FEAFD932AD}.Debug|x86.Build.0 = Debug|Any CPU
		{937FB886-CC95-41C3-BAC1-25FEAFD932AD}.Release|Any CPU.ActiveCfg = Release|Any CPU
		{937FB886-CC95-41C3-BAC1-25FEAFD932AD}.Release|Any CPU.Build.0 = Release|Any CPU
		{937FB886-CC95-41C3-BAC1-25FEAFD932AD}.Release|x64.ActiveCfg = Release|Any CPU
		{937FB886-CC95-41C3-BAC1-25FEAFD932AD}.Release|x64.Build.0 = Release|Any CPU
		{937FB886-CC95-41C3-BAC1-25FEAFD932AD}.Release|x86.ActiveCfg = Release|Any CPU
		{937FB886-CC95-41C3-BAC1-25FEAFD932AD}.Release|x86.Build.0 = Release|Any CPU
		{F025AE72-3FB4-4D50-A49F-561BCC92F5A1}.Debug|Any CPU.ActiveCfg = Debug|Any CPU
		{F025AE72-3FB4-4D50-A49F-561BCC92F5A1}.Debug|Any CPU.Build.0 = Debug|Any CPU
		{F025AE72-3FB4-4D50-A49F-561BCC92F5A1}.Debug|x64.ActiveCfg = Debug|Any CPU
		{F025AE72-3FB4-4D50-A49F-561BCC92F5A1}.Debug|x64.Build.0 = Debug|Any CPU
		{F025AE72-3FB4-4D50-A49F-561BCC92F5A1}.Debug|x86.ActiveCfg = Debug|Any CPU
		{F025AE72-3FB4-4D50-A49F-561BCC92F5A1}.Debug|x86.Build.0 = Debug|Any CPU
		{F025AE72-3FB4-4D50-A49F-561BCC92F5A1}.Release|Any CPU.ActiveCfg = Release|Any CPU
		{F025AE72-3FB4-4D50-A49F-561BCC92F5A1}.Release|Any CPU.Build.0 = Release|Any CPU
		{F025AE72-3FB4-4D50-A49F-561BCC92F5A1}.Release|x64.ActiveCfg = Release|Any CPU
		{F025AE72-3FB4-4D50-A49F-561BCC92F5A1}.Release|x64.Build.0 = Release|Any CPU
		{F025AE72-3FB4-4D50-A49F-561BCC92F5A1}.Release|x86.ActiveCfg = Release|Any CPU
		{F025AE72-3FB4-4D50-A49F-561BCC92F5A1}.Release|x86.Build.0 = Release|Any CPU
	EndGlobalSection
	GlobalSection(SolutionProperties) = preSolution
		HideSolutionNode = FALSE
	EndGlobalSection
	GlobalSection(NestedProjects) = preSolution
		{FD1CDB4A-425D-4157-AD88-A73986508671} = {827E0CD3-B72D-47B6-A68D-7590B98EB39B}
		{A5672331-428E-43F4-8E65-C8A9BC2CD10F} = {827E0CD3-B72D-47B6-A68D-7590B98EB39B}
		{937FB886-CC95-41C3-BAC1-25FEAFD932AD} = {0AB3BF05-4346-4AA6-1389-037BE0695223}
		{F025AE72-3FB4-4D50-A49F-561BCC92F5A1} = {07C2787E-EAC7-C090-1BA3-A61EC2A24D84}
	EndGlobalSection
EndGlobal
